
Microsoft Visual Studio Solution File, Format Version 12.00
# Visual Studio Version 17
VisualStudioVersion = 17.5.002.0
MinimumVisualStudioVersion = 10.0.40219.1
Project("{2150E333-8FDC-42A3-9474-1A3956D46DE8}") = "backend", "backend", "{E48D2E29-C73B-4F85-A7B7-BA03C27C57CD}"
EndProject
Project("{9A19103F-16F7-4668-BE54-9A1E7A4F7556}") = "api", "backend\api\api.csproj", "{7C60F890-1E6B-471F-A6D8-F0F1812C793D}"
EndProject
Global
	GlobalSection(SolutionConfigurationPlatforms) = preSolution
		Debug|Any CPU = Debug|Any CPU
		Release|Any CPU = Release|Any CPU
	EndGlobalSection
	GlobalSection(ProjectConfigurationPlatforms) = postSolution
		{7C60F890-1E6B-471F-A6D8-F0F1812C793D}.Debug|Any CPU.ActiveCfg = Debug|Any CPU
		{7C60F890-1E6B-471F-A6D8-F0F1812C793D}.Debug|Any CPU.Build.0 = Debug|Any CPU
		{7C60F890-1E6B-471F-A6D8-F0F1812C793D}.Release|Any CPU.ActiveCfg = Release|Any CPU
		{7C60F890-1E6B-471F-A6D8-F0F1812C793D}.Release|Any CPU.Build.0 = Release|Any CPU
	EndGlobalSection
	GlobalSection(SolutionProperties) = preSolution
		HideSolutionNode = FALSE
	EndGlobalSection
	GlobalSection(NestedProjects) = preSolution
		{7C60F890-1E6B-471F-A6D8-F0F1812C793D} = {E48D2E29-C73B-4F85-A7B7-BA03C27C57CD}
	EndGlobalSection
	GlobalSection(ExtensibilityGlobals) = postSolution
		SolutionGuid = {A9342E01-0286-41FE-9FE3-03E985853D46}
	EndGlobalSection
EndGlobal
